
Microsoft Visual Studio Solution File, Format Version 12.00
# Visual Studio 2012
Project("{8BC9CEB8-8B4A-11D0-8D11-00A0C91BC942}") = "Databaza sportovcov", "Databaza sportovcov\Databaza sportovcov.vcxproj", "{46D1CCAC-ECC0-4656-9CB5-25CF4B695C5A}"
EndProject
Global
	GlobalSection(SolutionConfigurationPlatforms) = preSolution
		Debug|Win32 = Debug|Win32
		Release|Win32 = Release|Win32
	EndGlobalSection
	GlobalSection(ProjectConfigurationPlatforms) = postSolution
		{46D1CCAC-ECC0-4656-9CB5-25CF4B695C5A}.Debug|Win32.ActiveCfg = Debug|Win32
		{46D1CCAC-ECC0-4656-9CB5-25CF4B695C5A}.Debug|Win32.Build.0 = Debug|Win32
		{46D1CCAC-ECC0-4656-9CB5-25CF4B695C5A}.Release|Win32.ActiveCfg = Release|Win32
		{46D1CCAC-ECC0-4656-9CB5-25CF4B695C5A}.Release|Win32.Build.0 = Release|Win32
	EndGlobalSection
	GlobalSection(SolutionProperties) = preSolution
		HideSolutionNode = FALSE
	EndGlobalSection
EndGlobal
